
Microsoft Visual Studio Solution File, Format Version 12.00
# Visual Studio Version 16
VisualStudioVersion = 16.0.31624.102
MinimumVisualStudioVersion = 10.0.40219.1
Project("{FAE04EC0-301F-11D3-BF4B-00C04F79EFBC}") = "FutureValue", "FutureValue.csproj", "{78FEBB0F-9580-4E69-94DA-F6BEE93A817D}"
EndProject
Global
	GlobalSection(SolutionConfigurationPlatforms) = preSolution
		Debug|Any CPU = Debug|Any CPU
		Release|Any CPU = Release|Any CPU
	EndGlobalSection
	GlobalSection(ProjectConfigurationPlatforms) = postSolution
		{78FEBB0F-9580-4E69-94DA-F6BEE93A817D}.Debug|Any CPU.ActiveCfg = Debug|Any CPU
		{78FEBB0F-9580-4E69-94DA-F6BEE93A817D}.Debug|Any CPU.Build.0 = Debug|Any CPU
		{78FEBB0F-9580-4E69-94DA-F6BEE93A817D}.Release|Any CPU.ActiveCfg = Release|Any CPU
		{78FEBB0F-9580-4E69-94DA-F6BEE93A817D}.Release|Any CPU.Build.0 = Release|Any CPU
	EndGlobalSection
	GlobalSection(SolutionProperties) = preSolution
		HideSolutionNode = FALSE
	EndGlobalSection
	GlobalSection(ExtensibilityGlobals) = postSolution
		SolutionGuid = {33F1A0BB-3BA7-4B42-90D8-007E09296C00}
	EndGlobalSection
EndGlobal
